// !$*UTF8*$!
{
	archiveVersion = 1;
	classes = {
	};
	objectVersion = 55;
	objects = {

/* Begin PBXBuildFile section */
		4DE2566CF0B912F8E1D0B49F /* Pods_Rx_NetflixCloneApp.framework in Frameworks */ = {isa = PBXBuildFile; fileRef = 52E880C601AEB14BCEFE2462 /* Pods_Rx_NetflixCloneApp.framework */; };
		5787F5D7288D51F300A6D739 /* TitleTableViewCell.swift in Sources */ = {isa = PBXBuildFile; fileRef = 5787F5D6288D51F300A6D739 /* TitleTableViewCell.swift */; };
		5787F5D9288D554300A6D739 /* TitleCollectionViewCell.swift in Sources */ = {isa = PBXBuildFile; fileRef = 5787F5D8288D554300A6D739 /* TitleCollectionViewCell.swift */; };
		57D91EA4288D35D30037F3A5 /* AppDelegate.swift in Sources */ = {isa = PBXBuildFile; fileRef = 57D91EA3288D35D30037F3A5 /* AppDelegate.swift */; };
		57D91EA6288D35D30037F3A5 /* SceneDelegate.swift in Sources */ = {isa = PBXBuildFile; fileRef = 57D91EA5288D35D30037F3A5 /* SceneDelegate.swift */; };
		57D91EAD288D35D40037F3A5 /* Assets.xcassets in Resources */ = {isa = PBXBuildFile; fileRef = 57D91EAC288D35D40037F3A5 /* Assets.xcassets */; };
		57D91EB0288D35D40037F3A5 /* LaunchScreen.storyboard in Resources */ = {isa = PBXBuildFile; fileRef = 57D91EAE288D35D40037F3A5 /* LaunchScreen.storyboard */; };
		57D91EBD288D366A0037F3A5 /* HomeViewController.swift in Sources */ = {isa = PBXBuildFile; fileRef = 57D91EBC288D366A0037F3A5 /* HomeViewController.swift */; };
		57D91EBF288D37230037F3A5 /* MainTabBarViewController.swift in Sources */ = {isa = PBXBuildFile; fileRef = 57D91EBE288D37230037F3A5 /* MainTabBarViewController.swift */; };
		57D91EC1288D37AF0037F3A5 /* UpcomingViewController.swift in Sources */ = {isa = PBXBuildFile; fileRef = 57D91EC0288D37AF0037F3A5 /* UpcomingViewController.swift */; };
		57D91EC3288D37BB0037F3A5 /* SearchViewController.swift in Sources */ = {isa = PBXBuildFile; fileRef = 57D91EC2288D37BB0037F3A5 /* SearchViewController.swift */; };
		57D91EC5288D37C80037F3A5 /* DownloadsViewController.swift in Sources */ = {isa = PBXBuildFile; fileRef = 57D91EC4288D37C80037F3A5 /* DownloadsViewController.swift */; };
		57D91ECD288D41A00037F3A5 /* TitleResponse.swift in Sources */ = {isa = PBXBuildFile; fileRef = 57D91ECC288D41A00037F3A5 /* TitleResponse.swift */; };
		57D91ED2288D41F50037F3A5 /* TitleViewViewModel.swift in Sources */ = {isa = PBXBuildFile; fileRef = 57D91ED1288D41F50037F3A5 /* TitleViewViewModel.swift */; };
		57D91ED5288D443E0037F3A5 /* HomeViewModel.swift in Sources */ = {isa = PBXBuildFile; fileRef = 57D91ED4288D443E0037F3A5 /* HomeViewModel.swift */; };
/* End PBXBuildFile section */

/* Begin PBXFileReference section */
		52E880C601AEB14BCEFE2462 /* Pods_Rx_NetflixCloneApp.framework */ = {isa = PBXFileReference; explicitFileType = wrapper.framework; includeInIndex = 0; path = Pods_Rx_NetflixCloneApp.framework; sourceTree = BUILT_PRODUCTS_DIR; };
		5787F5D6288D51F300A6D739 /* TitleTableViewCell.swift */ = {isa = PBXFileReference; lastKnownFileType = sourcecode.swift; path = TitleTableViewCell.swift; sourceTree = "<group>"; };
		5787F5D8288D554300A6D739 /* TitleCollectionViewCell.swift */ = {isa = PBXFileReference; lastKnownFileType = sourcecode.swift; path = TitleCollectionViewCell.swift; sourceTree = "<group>"; };
		57D91EA0288D35D20037F3A5 /* Rx_NetflixCloneApp.app */ = {isa = PBXFileReference; explicitFileType = wrapper.application; includeInIndex = 0; path = Rx_NetflixCloneApp.app; sourceTree = BUILT_PRODUCTS_DIR; };
		57D91EA3288D35D30037F3A5 /* AppDelegate.swift */ = {isa = PBXFileReference; lastKnownFileType = sourcecode.swift; path = AppDelegate.swift; sourceTree = "<group>"; };
		57D91EA5288D35D30037F3A5 /* SceneDelegate.swift */ = {isa = PBXFileReference; lastKnownFileType = sourcecode.swift; path = SceneDelegate.swift; sourceTree = "<group>"; };
		57D91EAC288D35D40037F3A5 /* Assets.xcassets */ = {isa = PBXFileReference; lastKnownFileType = folder.assetcatalog; path = Assets.xcassets; sourceTree = "<group>"; };
		57D91EAF288D35D40037F3A5 /* Base */ = {isa = PBXFileReference; lastKnownFileType = file.storyboard; name = Base; path = Base.lproj/LaunchScreen.storyboard; sourceTree = "<group>"; };
		57D91EB1288D35D40037F3A5 /* Info.plist */ = {isa = PBXFileReference; lastKnownFileType = text.plist.xml; path = Info.plist; sourceTree = "<group>"; };
		57D91EBC288D366A0037F3A5 /* HomeViewController.swift */ = {isa = PBXFileReference; lastKnownFileType = sourcecode.swift; path = HomeViewController.swift; sourceTree = "<group>"; };
		57D91EBE288D37230037F3A5 /* MainTabBarViewController.swift */ = {isa = PBXFileReference; lastKnownFileType = sourcecode.swift; path = MainTabBarViewController.swift; sourceTree = "<group>"; };
		57D91EC0288D37AF0037F3A5 /* UpcomingViewController.swift */ = {isa = PBXFileReference; lastKnownFileType = sourcecode.swift; path = UpcomingViewController.swift; sourceTree = "<group>"; };
		57D91EC2288D37BB0037F3A5 /* SearchViewController.swift */ = {isa = PBXFileReference; lastKnownFileType = sourcecode.swift; path = SearchViewController.swift; sourceTree = "<group>"; };
		57D91EC4288D37C80037F3A5 /* DownloadsViewController.swift */ = {isa = PBXFileReference; lastKnownFileType = sourcecode.swift; path = DownloadsViewController.swift; sourceTree = "<group>"; };
		57D91ECC288D41A00037F3A5 /* TitleResponse.swift */ = {isa = PBXFileReference; lastKnownFileType = sourcecode.swift; path = TitleResponse.swift; sourceTree = "<group>"; };
		57D91ED1288D41F50037F3A5 /* TitleViewViewModel.swift */ = {isa = PBXFileReference; lastKnownFileType = sourcecode.swift; path = TitleViewViewModel.swift; sourceTree = "<group>"; };
		57D91ED4288D443E0037F3A5 /* HomeViewModel.swift */ = {isa = PBXFileReference; lastKnownFileType = sourcecode.swift; path = HomeViewModel.swift; sourceTree = "<group>"; };
		9F470B989571F5869F198213 /* Pods-Rx_NetflixCloneApp.release.xcconfig */ = {isa = PBXFileReference; includeInIndex = 1; lastKnownFileType = text.xcconfig; name = "Pods-Rx_NetflixCloneApp.release.xcconfig"; path = "Target Support Files/Pods-Rx_NetflixCloneApp/Pods-Rx_NetflixCloneApp.release.xcconfig"; sourceTree = "<group>"; };
		D704C19E958AE2FF1FC3C678 /* Pods-Rx_NetflixCloneApp.debug.xcconfig */ = {isa = PBXFileReference; includeInIndex = 1; lastKnownFileType = text.xcconfig; name = "Pods-Rx_NetflixCloneApp.debug.xcconfig"; path = "Target Support Files/Pods-Rx_NetflixCloneApp/Pods-Rx_NetflixCloneApp.debug.xcconfig"; sourceTree = "<group>"; };
/* End PBXFileReference section */

/* Begin PBXFrameworksBuildPhase section */
		57D91E9D288D35D20037F3A5 /* Frameworks */ = {
			isa = PBXFrameworksBuildPhase;
			buildActionMask = 2147483647;
			files = (
				4DE2566CF0B912F8E1D0B49F /* Pods_Rx_NetflixCloneApp.framework in Frameworks */,
			);
			runOnlyForDeploymentPostprocessing = 0;
		};
/* End PBXFrameworksBuildPhase section */

/* Begin PBXGroup section */
		08E0C9F71B098DA986C4E15C /* Pods */ = {
			isa = PBXGroup;
			children = (
				D704C19E958AE2FF1FC3C678 /* Pods-Rx_NetflixCloneApp.debug.xcconfig */,
				9F470B989571F5869F198213 /* Pods-Rx_NetflixCloneApp.release.xcconfig */,
			);
			path = Pods;
			sourceTree = "<group>";
		};
		50E217CA475F8FA2EECEAA8C /* Frameworks */ = {
			isa = PBXGroup;
			children = (
				52E880C601AEB14BCEFE2462 /* Pods_Rx_NetflixCloneApp.framework */,
			);
			name = Frameworks;
			sourceTree = "<group>";
		};
		5787F5D5288D51E100A6D739 /* Cell */ = {
			isa = PBXGroup;
			children = (
				5787F5D6288D51F300A6D739 /* TitleTableViewCell.swift */,
				5787F5D8288D554300A6D739 /* TitleCollectionViewCell.swift */,
			);
			path = Cell;
			sourceTree = "<group>";
		};
		57D91E97288D35D20037F3A5 = {
			isa = PBXGroup;
			children = (
				57D91EA2288D35D20037F3A5 /* Rx_NetflixCloneApp */,
				57D91EA1288D35D20037F3A5 /* Products */,
				08E0C9F71B098DA986C4E15C /* Pods */,
				50E217CA475F8FA2EECEAA8C /* Frameworks */,
			);
			sourceTree = "<group>";
		};
		57D91EA1288D35D20037F3A5 /* Products */ = {
			isa = PBXGroup;
			children = (
				57D91EA0288D35D20037F3A5 /* Rx_NetflixCloneApp.app */,
			);
			name = Products;
			sourceTree = "<group>";
		};
		57D91EA2288D35D20037F3A5 /* Rx_NetflixCloneApp */ = {
			isa = PBXGroup;
			children = (
				57D91EB7288D36150037F3A5 /* Resources */,
				57D91ECE288D41C80037F3A5 /* URLRequest */,
				57D91EBB288D364C0037F3A5 /* ViewModels */,
				57D91EBA288D36470037F3A5 /* Models */,
				57D91EB9288D36400037F3A5 /* Controllers */,
				57D91EAE288D35D40037F3A5 /* LaunchScreen.storyboard */,
				57D91EB1288D35D40037F3A5 /* Info.plist */,
			);
			path = Rx_NetflixCloneApp;
			sourceTree = "<group>";
		};
		57D91EB7288D36150037F3A5 /* Resources */ = {
			isa = PBXGroup;
			children = (
				57D91EA3288D35D30037F3A5 /* AppDelegate.swift */,
				57D91EA5288D35D30037F3A5 /* SceneDelegate.swift */,
				57D91EAC288D35D40037F3A5 /* Assets.xcassets */,
			);
			path = Resources;
			sourceTree = "<group>";
		};
		57D91EB9288D36400037F3A5 /* Controllers */ = {
			isa = PBXGroup;
			children = (
				57D91EBE288D37230037F3A5 /* MainTabBarViewController.swift */,
				57D91EC6288D37CF0037F3A5 /* Cores */,
			);
			path = Controllers;
			sourceTree = "<group>";
		};
		57D91EBA288D36470037F3A5 /* Models */ = {
			isa = PBXGroup;
			children = (
				57D91ED4288D443E0037F3A5 /* HomeViewModel.swift */,
			);
			path = Models;
			sourceTree = "<group>";
		};
		57D91EBB288D364C0037F3A5 /* ViewModels */ = {
			isa = PBXGroup;
			children = (
				57D91ED1288D41F50037F3A5 /* TitleViewViewModel.swift */,
				57D91ECC288D41A00037F3A5 /* TitleResponse.swift */,
			);
			path = ViewModels;
			sourceTree = "<group>";
		};
		57D91EC6288D37CF0037F3A5 /* Cores */ = {
			isa = PBXGroup;
			children = (
				57D91EBC288D366A0037F3A5 /* HomeViewController.swift */,
				5787F5D5288D51E100A6D739 /* Cell */,
				57D91EC0288D37AF0037F3A5 /* UpcomingViewController.swift */,
				57D91EC2288D37BB0037F3A5 /* SearchViewController.swift */,
				57D91EC4288D37C80037F3A5 /* DownloadsViewController.swift */,
			);
			path = Cores;
			sourceTree = "<group>";
		};
		57D91ECE288D41C80037F3A5 /* URLRequest */ = {
			isa = PBXGroup;
			children = (
			);
			path = URLRequest;
			sourceTree = "<group>";
		};
/* End PBXGroup section */

/* Begin PBXNativeTarget section */
		57D91E9F288D35D20037F3A5 /* Rx_NetflixCloneApp */ = {
			isa = PBXNativeTarget;
			buildConfigurationList = 57D91EB4288D35D40037F3A5 /* Build configuration list for PBXNativeTarget "Rx_NetflixCloneApp" */;
			buildPhases = (
				12B2F9A817C1A294A359C4AA /* [CP] Check Pods Manifest.lock */,
				57D91E9C288D35D20037F3A5 /* Sources */,
				57D91E9D288D35D20037F3A5 /* Frameworks */,
				57D91E9E288D35D20037F3A5 /* Resources */,
				BC1FC03D884260823828A039 /* [CP] Embed Pods Frameworks */,
			);
			buildRules = (
			);
			dependencies = (
			);
			name = Rx_NetflixCloneApp;
			productName = Rx_NetflixCloneApp;
			productReference = 57D91EA0288D35D20037F3A5 /* Rx_NetflixCloneApp.app */;
			productType = "com.apple.product-type.application";
		};
/* End PBXNativeTarget section */

/* Begin PBXProject section */
		57D91E98288D35D20037F3A5 /* Project object */ = {
			isa = PBXProject;
			attributes = {
				BuildIndependentTargetsInParallel = 1;
				LastSwiftUpdateCheck = 1330;
				LastUpgradeCheck = 1330;
				TargetAttributes = {
					57D91E9F288D35D20037F3A5 = {
						CreatedOnToolsVersion = 13.3.1;
					};
				};
			};
			buildConfigurationList = 57D91E9B288D35D20037F3A5 /* Build configuration list for PBXProject "Rx_NetflixCloneApp" */;
			compatibilityVersion = "Xcode 13.0";
			developmentRegion = en;
			hasScannedForEncodings = 0;
			knownRegions = (
				en,
				Base,
			);
			mainGroup = 57D91E97288D35D20037F3A5;
			productRefGroup = 57D91EA1288D35D20037F3A5 /* Products */;
			projectDirPath = "";
			projectRoot = "";
			targets = (
				57D91E9F288D35D20037F3A5 /* Rx_NetflixCloneApp */,
			);
		};
/* End PBXProject section */

/* Begin PBXResourcesBuildPhase section */
		57D91E9E288D35D20037F3A5 /* Resources */ = {
			isa = PBXResourcesBuildPhase;
			buildActionMask = 2147483647;
			files = (
				57D91EB0288D35D40037F3A5 /* LaunchScreen.storyboard in Resources */,
				57D91EAD288D35D40037F3A5 /* Assets.xcassets in Resources */,
			);
			runOnlyForDeploymentPostprocessing = 0;
		};
/* End PBXResourcesBuildPhase section */

/* Begin PBXShellScriptBuildPhase section */
		12B2F9A817C1A294A359C4AA /* [CP] Check Pods Manifest.lock */ = {
			isa = PBXShellScriptBuildPhase;
			buildActionMask = 2147483647;
			files = (
			);
			inputFileListPaths = (
			);
			inputPaths = (
				"${PODS_PODFILE_DIR_PATH}/Podfile.lock",
				"${PODS_ROOT}/Manifest.lock",
			);
			name = "[CP] Check Pods Manifest.lock";
			outputFileListPaths = (
			);
			outputPaths = (
				"$(DERIVED_FILE_DIR)/Pods-Rx_NetflixCloneApp-checkManifestLockResult.txt",
			);
			runOnlyForDeploymentPostprocessing = 0;
			shellPath = /bin/sh;
			shellScript = "diff \"${PODS_PODFILE_DIR_PATH}/Podfile.lock\" \"${PODS_ROOT}/Manifest.lock\" > /dev/null\nif [ $? != 0 ] ; then\n    # print error to STDERR\n    echo \"error: The sandbox is not in sync with the Podfile.lock. Run 'pod install' or update your CocoaPods installation.\" >&2\n    exit 1\nfi\n# This output is used by Xcode 'outputs' to avoid re-running this script phase.\necho \"SUCCESS\" > \"${SCRIPT_OUTPUT_FILE_0}\"\n";
			showEnvVarsInLog = 0;
		};
		BC1FC03D884260823828A039 /* [CP] Embed Pods Frameworks */ = {
			isa = PBXShellScriptBuildPhase;
			buildActionMask = 2147483647;
			files = (
			);
			inputFileListPaths = (
				"${PODS_ROOT}/Target Support Files/Pods-Rx_NetflixCloneApp/Pods-Rx_NetflixCloneApp-frameworks-${CONFIGURATION}-input-files.xcfilelist",
			);
			name = "[CP] Embed Pods Frameworks";
			outputFileListPaths = (
				"${PODS_ROOT}/Target Support Files/Pods-Rx_NetflixCloneApp/Pods-Rx_NetflixCloneApp-frameworks-${CONFIGURATION}-output-files.xcfilelist",
			);
			runOnlyForDeploymentPostprocessing = 0;
			shellPath = /bin/sh;
			shellScript = "\"${PODS_ROOT}/Target Support Files/Pods-Rx_NetflixCloneApp/Pods-Rx_NetflixCloneApp-frameworks.sh\"\n";
			showEnvVarsInLog = 0;
		};
/* End PBXShellScriptBuildPhase section */

/* Begin PBXSourcesBuildPhase section */
		57D91E9C288D35D20037F3A5 /* Sources */ = {
			isa = PBXSourcesBuildPhase;
			buildActionMask = 2147483647;
			files = (
				57D91EC3288D37BB0037F3A5 /* SearchViewController.swift in Sources */,
				57D91EA4288D35D30037F3A5 /* AppDelegate.swift in Sources */,
				57D91EC5288D37C80037F3A5 /* DownloadsViewController.swift in Sources */,
				57D91EBF288D37230037F3A5 /* MainTabBarViewController.swift in Sources */,
				57D91ECD288D41A00037F3A5 /* TitleResponse.swift in Sources */,
				5787F5D7288D51F300A6D739 /* TitleTableViewCell.swift in Sources */,
				57D91EA6288D35D30037F3A5 /* SceneDelegate.swift in Sources */,
				57D91EC1288D37AF0037F3A5 /* UpcomingViewController.swift in Sources */,
				57D91ED5288D443E0037F3A5 /* HomeViewModel.swift in Sources */,
				5787F5D9288D554300A6D739 /* TitleCollectionViewCell.swift in Sources */,
				57D91EBD288D366A0037F3A5 /* HomeViewController.swift in Sources */,
				57D91ED2288D41F50037F3A5 /* TitleViewViewModel.swift in Sources */,
			);
			runOnlyForDeploymentPostprocessing = 0;
		};
/* End PBXSourcesBuildPhase section */

/* Begin PBXVariantGroup section */
		57D91EAE288D35D40037F3A5 /* LaunchScreen.storyboard */ = {
			isa = PBXVariantGroup;
			children = (
				57D91EAF288D35D40037F3A5 /* Base */,
			);
			name = LaunchScreen.storyboard;
			sourceTree = "<group>";
		};
/* End PBXVariantGroup section */

/* Begin XCBuildConfiguration section */
		57D91EB2288D35D40037F3A5 /* Debug */ = {
			isa = XCBuildConfiguration;
			buildSettings = {
				ALWAYS_SEARCH_USER_PATHS = NO;
				CLANG_ANALYZER_NONNULL = YES;
				CLANG_ANALYZER_NUMBER_OBJECT_CONVERSION = YES_AGGRESSIVE;
				CLANG_CXX_LANGUAGE_STANDARD = "gnu++17";
				CLANG_ENABLE_MODULES = YES;
				CLANG_ENABLE_OBJC_ARC = YES;
				CLANG_ENABLE_OBJC_WEAK = YES;
				CLANG_WARN_BLOCK_CAPTURE_AUTORELEASING = YES;
				CLANG_WARN_BOOL_CONVERSION = YES;
				CLANG_WARN_COMMA = YES;
				CLANG_WARN_CONSTANT_CONVERSION = YES;
				CLANG_WARN_DEPRECATED_OBJC_IMPLEMENTATIONS = YES;
				CLANG_WARN_DIRECT_OBJC_ISA_USAGE = YES_ERROR;
				CLANG_WARN_DOCUMENTATION_COMMENTS = YES;
				CLANG_WARN_EMPTY_BODY = YES;
				CLANG_WARN_ENUM_CONVERSION = YES;
				CLANG_WARN_INFINITE_RECURSION = YES;
				CLANG_WARN_INT_CONVERSION = YES;
				CLANG_WARN_NON_LITERAL_NULL_CONVERSION = YES;
				CLANG_WARN_OBJC_IMPLICIT_RETAIN_SELF = YES;
				CLANG_WARN_OBJC_LITERAL_CONVERSION = YES;
				CLANG_WARN_OBJC_ROOT_CLASS = YES_ERROR;
				CLANG_WARN_QUOTED_INCLUDE_IN_FRAMEWORK_HEADER = YES;
				CLANG_WARN_RANGE_LOOP_ANALYSIS = YES;
				CLANG_WARN_STRICT_PROTOTYPES = YES;
				CLANG_WARN_SUSPICIOUS_MOVE = YES;
				CLANG_WARN_UNGUARDED_AVAILABILITY = YES_AGGRESSIVE;
				CLANG_WARN_UNREACHABLE_CODE = YES;
				CLANG_WARN__DUPLICATE_METHOD_MATCH = YES;
				COPY_PHASE_STRIP = NO;
				DEBUG_INFORMATION_FORMAT = dwarf;
				ENABLE_STRICT_OBJC_MSGSEND = YES;
				ENABLE_TESTABILITY = YES;
				GCC_C_LANGUAGE_STANDARD = gnu11;
				GCC_DYNAMIC_NO_PIC = NO;
				GCC_NO_COMMON_BLOCKS = YES;
				GCC_OPTIMIZATION_LEVEL = 0;
				GCC_PREPROCESSOR_DEFINITIONS = (
					"DEBUG=1",
					"$(inherited)",
				);
				GCC_WARN_64_TO_32_BIT_CONVERSION = YES;
				GCC_WARN_ABOUT_RETURN_TYPE = YES_ERROR;
				GCC_WARN_UNDECLARED_SELECTOR = YES;
				GCC_WARN_UNINITIALIZED_AUTOS = YES_AGGRESSIVE;
				GCC_WARN_UNUSED_FUNCTION = YES;
				GCC_WARN_UNUSED_VARIABLE = YES;
				IPHONEOS_DEPLOYMENT_TARGET = 15.4;
				MTL_ENABLE_DEBUG_INFO = INCLUDE_SOURCE;
				MTL_FAST_MATH = YES;
				ONLY_ACTIVE_ARCH = YES;
				SDKROOT = iphoneos;
				SWIFT_ACTIVE_COMPILATION_CONDITIONS = DEBUG;
				SWIFT_OPTIMIZATION_LEVEL = "-Onone";
			};
			name = Debug;
		};
		57D91EB3288D35D40037F3A5 /* Release */ = {
			isa = XCBuildConfiguration;
			buildSettings = {
				ALWAYS_SEARCH_USER_PATHS = NO;
				CLANG_ANALYZER_NONNULL = YES;
				CLANG_ANALYZER_NUMBER_OBJECT_CONVERSION = YES_AGGRESSIVE;
				CLANG_CXX_LANGUAGE_STANDARD = "gnu++17";
				CLANG_ENABLE_MODULES = YES;
				CLANG_ENABLE_OBJC_ARC = YES;
				CLANG_ENABLE_OBJC_WEAK = YES;
				CLANG_WARN_BLOCK_CAPTURE_AUTORELEASING = YES;
				CLANG_WARN_BOOL_CONVERSION = YES;
				CLANG_WARN_COMMA = YES;
				CLANG_WARN_CONSTANT_CONVERSION = YES;
				CLANG_WARN_DEPRECATED_OBJC_IMPLEMENTATIONS = YES;
				CLANG_WARN_DIRECT_OBJC_ISA_USAGE = YES_ERROR;
				CLANG_WARN_DOCUMENTATION_COMMENTS = YES;
				CLANG_WARN_EMPTY_BODY = YES;
				CLANG_WARN_ENUM_CONVERSION = YES;
				CLANG_WARN_INFINITE_RECURSION = YES;
				CLANG_WARN_INT_CONVERSION = YES;
				CLANG_WARN_NON_LITERAL_NULL_CONVERSION = YES;
				CLANG_WARN_OBJC_IMPLICIT_RETAIN_SELF = YES;
				CLANG_WARN_OBJC_LITERAL_CONVERSION = YES;
				CLANG_WARN_OBJC_ROOT_CLASS = YES_ERROR;
				CLANG_WARN_QUOTED_INCLUDE_IN_FRAMEWORK_HEADER = YES;
				CLANG_WARN_RANGE_LOOP_ANALYSIS = YES;
				CLANG_WARN_STRICT_PROTOTYPES = YES;
				CLANG_WARN_SUSPICIOUS_MOVE = YES;
				CLANG_WARN_UNGUARDED_AVAILABILITY = YES_AGGRESSIVE;
				CLANG_WARN_UNREACHABLE_CODE = YES;
				CLANG_WARN__DUPLICATE_METHOD_MATCH = YES;
				COPY_PHASE_STRIP = NO;
				DEBUG_INFORMATION_FORMAT = "dwarf-with-dsym";
				ENABLE_NS_ASSERTIONS = NO;
				ENABLE_STRICT_OBJC_MSGSEND = YES;
				GCC_C_LANGUAGE_STANDARD = gnu11;
				GCC_NO_COMMON_BLOCKS = YES;
				GCC_WARN_64_TO_32_BIT_CONVERSION = YES;
				GCC_WARN_ABOUT_RETURN_TYPE = YES_ERROR;
				GCC_WARN_UNDECLARED_SELECTOR = YES;
				GCC_WARN_UNINITIALIZED_AUTOS = YES_AGGRESSIVE;
				GCC_WARN_UNUSED_FUNCTION = YES;
				GCC_WARN_UNUSED_VARIABLE = YES;
				IPHONEOS_DEPLOYMENT_TARGET = 15.4;
				MTL_ENABLE_DEBUG_INFO = NO;
				MTL_FAST_MATH = YES;
				SDKROOT = iphoneos;
				SWIFT_COMPILATION_MODE = wholemodule;
				SWIFT_OPTIMIZATION_LEVEL = "-O";
				VALIDATE_PRODUCT = YES;
			};
			name = Release;
		};
		57D91EB5288D35D40037F3A5 /* Debug */ = {
			isa = XCBuildConfiguration;
			baseConfigurationReference = D704C19E958AE2FF1FC3C678 /* Pods-Rx_NetflixCloneApp.debug.xcconfig */;
			buildSettings = {
				ASSETCATALOG_COMPILER_APPICON_NAME = AppIcon;
				ASSETCATALOG_COMPILER_GLOBAL_ACCENT_COLOR_NAME = AccentColor;
				CODE_SIGN_STYLE = Automatic;
				CURRENT_PROJECT_VERSION = 1;
				DEVELOPMENT_TEAM = 85M8N8XJAT;
				GENERATE_INFOPLIST_FILE = YES;
				INFOPLIST_FILE = Rx_NetflixCloneApp/Info.plist;
				INFOPLIST_KEY_UIApplicationSupportsIndirectInputEvents = YES;
				INFOPLIST_KEY_UILaunchStoryboardName = LaunchScreen;
				INFOPLIST_KEY_UISupportedInterfaceOrientations_iPad = "UIInterfaceOrientationPortrait UIInterfaceOrientationPortraitUpsideDown UIInterfaceOrientationLandscapeLeft UIInterfaceOrientationLandscapeRight";
				INFOPLIST_KEY_UISupportedInterfaceOrientations_iPhone = "UIInterfaceOrientationPortrait UIInterfaceOrientationLandscapeLeft UIInterfaceOrientationLandscapeRight";
				LD_RUNPATH_SEARCH_PATHS = (
					"$(inherited)",
					"@executable_path/Frameworks",
				);
				MARKETING_VERSION = 1.0;
				PRODUCT_BUNDLE_IDENTIFIER = "Anies1212noApp.Rx-NetflixCloneApp";
				PRODUCT_NAME = "$(TARGET_NAME)";
				SWIFT_EMIT_LOC_STRINGS = YES;
				SWIFT_VERSION = 5.0;
				TARGETED_DEVICE_FAMILY = "1,2";
			};
			name = Debug;
		};
		57D91EB6288D35D40037F3A5 /* Release */ = {
			isa = XCBuildConfiguration;
			baseConfigurationReference = 9F470B989571F5869F198213 /* Pods-Rx_NetflixCloneApp.release.xcconfig */;
			buildSettings = {
				ASSETCATALOG_COMPILER_APPICON_NAME = AppIcon;
				ASSETCATALOG_COMPILER_GLOBAL_ACCENT_COLOR_NAME = AccentColor;
				CODE_SIGN_STYLE = Automatic;
				CURRENT_PROJECT_VERSION = 1;
				DEVELOPMENT_TEAM = 85M8N8XJAT;
				GENERATE_INFOPLIST_FILE = YES;
				INFOPLIST_FILE = Rx_NetflixCloneApp/Info.plist;
				INFOPLIST_KEY_UIApplicationSupportsIndirectInputEvents = YES;
				INFOPLIST_KEY_UILaunchStoryboardName = LaunchScreen;
				INFOPLIST_KEY_UISupportedInterfaceOrientations_iPad = "UIInterfaceOrientationPortrait UIInterfaceOrientationPortraitUpsideDown UIInterfaceOrientationLandscapeLeft UIInterfaceOrientationLandscapeRight";
				INFOPLIST_KEY_UISupportedInterfaceOrientations_iPhone = "UIInterfaceOrientationPortrait UIInterfaceOrientationLandscapeLeft UIInterfaceOrientationLandscapeRight";
				LD_RUNPATH_SEARCH_PATHS = (
					"$(inherited)",
					"@executable_path/Frameworks",
				);
				MARKETING_VERSION = 1.0;
				PRODUCT_BUNDLE_IDENTIFIER = "Anies1212noApp.Rx-NetflixCloneApp";
				PRODUCT_NAME = "$(TARGET_NAME)";
				SWIFT_EMIT_LOC_STRINGS = YES;
				SWIFT_VERSION = 5.0;
				TARGETED_DEVICE_FAMILY = "1,2";
			};
			name = Release;
		};
/* End XCBuildConfiguration section */

/* Begin XCConfigurationList section */
		57D91E9B288D35D20037F3A5 /* Build configuration list for PBXProject "Rx_NetflixCloneApp" */ = {
			isa = XCConfigurationList;
			buildConfigurations = (
				57D91EB2288D35D40037F3A5 /* Debug */,
				57D91EB3288D35D40037F3A5 /* Release */,
			);
			defaultConfigurationIsVisible = 0;
			defaultConfigurationName = Release;
		};
		57D91EB4288D35D40037F3A5 /* Build configuration list for PBXNativeTarget "Rx_NetflixCloneApp" */ = {
			isa = XCConfigurationList;
			buildConfigurations = (
				57D91EB5288D35D40037F3A5 /* Debug */,
				57D91EB6288D35D40037F3A5 /* Release */,
			);
			defaultConfigurationIsVisible = 0;
			defaultConfigurationName = Release;
		};
/* End XCConfigurationList section */
	};
	rootObject = 57D91E98288D35D20037F3A5 /* Project object */;
}
